
Microsoft Visual Studio Solution File, Format Version 12.00
# Visual Studio 15
VisualStudioVersion = 15.0.28010.0
MinimumVisualStudioVersion = 10.0.40219.1
Project("{FAE04EC0-301F-11D3-BF4B-00C04F79EFBC}") = "Sibers.BLL", "Sibers.BLL\Sibers.BLL.csproj", "{AA83B71F-759D-4F3C-A685-CDB2CDA2D366}"
EndProject
Project("{FAE04EC0-301F-11D3-BF4B-00C04F79EFBC}") = "Sibers.DAL", "Sibers.DAL\Sibers.DAL.csproj", "{509B8C9C-B2C9-488C-BC91-F8D989A65713}"
EndProject
Project("{FAE04EC0-301F-11D3-BF4B-00C04F79EFBC}") = "Sibers.WEB", "Sibers.WEB\Sibers.WEB.csproj", "{38817178-FADB-45AC-ABEC-58BAD985469B}"
EndProject
Project("{FAE04EC0-301F-11D3-BF4B-00C04F79EFBC}") = "Sibers.WEB.Tests", "Sibers.WEB.Tests\Sibers.WEB.Tests.csproj", "{DCB64E3B-2250-4C5E-910B-D4C2100E0C84}"
EndProject
Project("{FAE04EC0-301F-11D3-BF4B-00C04F79EFBC}") = "Sibers.Domain", "Sibers.Domain\Sibers.Domain.csproj", "{A83A23DD-069E-4C84-8D45-D51A0D57536A}"
EndProject
Global
	GlobalSection(SolutionConfigurationPlatforms) = preSolution
		Debug|Any CPU = Debug|Any CPU
		Release|Any CPU = Release|Any CPU
	EndGlobalSection
	GlobalSection(ProjectConfigurationPlatforms) = postSolution
		{AA83B71F-759D-4F3C-A685-CDB2CDA2D366}.Debug|Any CPU.ActiveCfg = Debug|Any CPU
		{AA83B71F-759D-4F3C-A685-CDB2CDA2D366}.Debug|Any CPU.Build.0 = Debug|Any CPU
		{AA83B71F-759D-4F3C-A685-CDB2CDA2D366}.Release|Any CPU.ActiveCfg = Release|Any CPU
		{AA83B71F-759D-4F3C-A685-CDB2CDA2D366}.Release|Any CPU.Build.0 = Release|Any CPU
		{509B8C9C-B2C9-488C-BC91-F8D989A65713}.Debug|Any CPU.ActiveCfg = Debug|Any CPU
		{509B8C9C-B2C9-488C-BC91-F8D989A65713}.Debug|Any CPU.Build.0 = Debug|Any CPU
		{509B8C9C-B2C9-488C-BC91-F8D989A65713}.Release|Any CPU.ActiveCfg = Release|Any CPU
		{509B8C9C-B2C9-488C-BC91-F8D989A65713}.Release|Any CPU.Build.0 = Release|Any CPU
		{38817178-FADB-45AC-ABEC-58BAD985469B}.Debug|Any CPU.ActiveCfg = Debug|Any CPU
		{38817178-FADB-45AC-ABEC-58BAD985469B}.Debug|Any CPU.Build.0 = Debug|Any CPU
		{38817178-FADB-45AC-ABEC-58BAD985469B}.Release|Any CPU.ActiveCfg = Release|Any CPU
		{38817178-FADB-45AC-ABEC-58BAD985469B}.Release|Any CPU.Build.0 = Release|Any CPU
		{DCB64E3B-2250-4C5E-910B-D4C2100E0C84}.Debug|Any CPU.ActiveCfg = Debug|Any CPU
		{DCB64E3B-2250-4C5E-910B-D4C2100E0C84}.Debug|Any CPU.Build.0 = Debug|Any CPU
		{DCB64E3B-2250-4C5E-910B-D4C2100E0C84}.Release|Any CPU.ActiveCfg = Release|Any CPU
		{DCB64E3B-2250-4C5E-910B-D4C2100E0C84}.Release|Any CPU.Build.0 = Release|Any CPU
		{A83A23DD-069E-4C84-8D45-D51A0D57536A}.Debug|Any CPU.ActiveCfg = Debug|Any CPU
		{A83A23DD-069E-4C84-8D45-D51A0D57536A}.Debug|Any CPU.Build.0 = Debug|Any CPU
		{A83A23DD-069E-4C84-8D45-D51A0D57536A}.Release|Any CPU.ActiveCfg = Release|Any CPU
		{A83A23DD-069E-4C84-8D45-D51A0D57536A}.Release|Any CPU.Build.0 = Release|Any CPU
	EndGlobalSection
	GlobalSection(SolutionProperties) = preSolution
		HideSolutionNode = FALSE
	EndGlobalSection
	GlobalSection(ExtensibilityGlobals) = postSolution
		SolutionGuid = {8EABA91C-018B-4EBF-9D2E-FDFD04DEA546}
	EndGlobalSection
EndGlobal
